Microsoft Visual Studio Solution File, Format Version 12.00
# Visual Studio 15
VisualStudioVersion = 15.0.27130.2027
MinimumVisualStudioVersion = 10.0.40219.1
Project("{FAE04EC0-301F-11D3-BF4B-00C04F79EFBC}") = "GTNav", "GTNav\GTNav.csproj", "{B5B5284E-FFF8-418A-981F-542AA27F4AF0}"
EndProject
Project("{FAE04EC0-301F-11D3-BF4B-00C04F79EFBC}") = "GTNav.iOS", "iOS\GTNav.iOS.csproj", "{5210D6D3-13E6-46B7-B9AA-EA3F88D91453}"
EndProject
Project("{FAE04EC0-301F-11D3-BF4B-00C04F79EFBC}") = "GTNav.Droid", "Droid\GTNav.Droid.csproj", "{8F9030EF-2AAB-474A-A717-1BB600FBC809}"
EndProject
Project("{2150E333-8FDC-42A3-9474-1A3956D46DE8}") = "Solution Items", "Solution Items", "{9954DC58-FED6-41CD-8252-0D55DB89C6B6}"
	ProjectSection(SolutionItems) = preProject
		Droid\Assets\BusStop_blue.png = Droid\Assets\BusStop_blue.png
		GTNav\CustomPin.cs = GTNav\CustomPin.cs
	EndProjectSection
EndProject
Global
	GlobalSection(SolutionConfigurationPlatforms) = preSolution
		Debug|Any CPU = Debug|Any CPU
		Debug|iPhone = Debug|iPhone
		Debug|iPhoneSimulator = Debug|iPhoneSimulator
		Release|Any CPU = Release|Any CPU
		Release|iPhone = Release|iPhone
		Release|iPhoneSimulator = Release|iPhoneSimulator
	EndGlobalSection
	GlobalSection(ProjectConfigurationPlatforms) = postSolution
		{B5B5284E-FFF8-418A-981F-542AA27F4AF0}.Debug|Any CPU.ActiveCfg = Debug|Any CPU
		{B5B5284E-FFF8-418A-981F-542AA27F4AF0}.Debug|Any CPU.Build.0 = Debug|Any CPU
		{B5B5284E-FFF8-418A-981F-542AA27F4AF0}.Debug|iPhone.ActiveCfg = Debug|Any CPU
		{B5B5284E-FFF8-418A-981F-542AA27F4AF0}.Debug|iPhone.Build.0 = Debug|Any CPU
		{B5B5284E-FFF8-418A-981F-542AA27F4AF0}.Debug|iPhoneSimulator.ActiveCfg = Debug|Any CPU
		{B5B5284E-FFF8-418A-981F-542AA27F4AF0}.Debug|iPhoneSimulator.Build.0 = Debug|Any CPU
		{B5B5284E-FFF8-418A-981F-542AA27F4AF0}.Release|Any CPU.ActiveCfg = Release|Any CPU
		{B5B5284E-FFF8-418A-981F-542AA27F4AF0}.Release|Any CPU.Build.0 = Release|Any CPU
		{B5B5284E-FFF8-418A-981F-542AA27F4AF0}.Release|iPhone.ActiveCfg = Release|Any CPU
		{B5B5284E-FFF8-418A-981F-542AA27F4AF0}.Release|iPhone.Build.0 = Release|Any CPU
		{B5B5284E-FFF8-418A-981F-542AA27F4AF0}.Release|iPhoneSimulator.ActiveCfg = Release|Any CPU
		{B5B5284E-FFF8-418A-981F-542AA27F4AF0}.Release|iPhoneSimulator.Build.0 = Release|Any CPU
		{5210D6D3-13E6-46B7-B9AA-EA3F88D91453}.Debug|Any CPU.ActiveCfg = Debug|iPhoneSimulator
		{5210D6D3-13E6-46B7-B9AA-EA3F88D91453}.Debug|Any CPU.Build.0 = Debug|iPhoneSimulator
		{5210D6D3-13E6-46B7-B9AA-EA3F88D91453}.Debug|iPhone.ActiveCfg = Debug|iPhone
		{5210D6D3-13E6-46B7-B9AA-EA3F88D91453}.Debug|iPhone.Build.0 = Debug|iPhone
		{5210D6D3-13E6-46B7-B9AA-EA3F88D91453}.Debug|iPhoneSimulator.ActiveCfg = Debug|iPhoneSimulator
		{5210D6D3-13E6-46B7-B9AA-EA3F88D91453}.Debug|iPhoneSimulator.Build.0 = Debug|iPhoneSimulator
		{5210D6D3-13E6-46B7-B9AA-EA3F88D91453}.Release|Any CPU.ActiveCfg = Release|iPhone
		{5210D6D3-13E6-46B7-B9AA-EA3F88D91453}.Release|Any CPU.Build.0 = Release|iPhone
		{5210D6D3-13E6-46B7-B9AA-EA3F88D91453}.Release|iPhone.ActiveCfg = Release|iPhone
		{5210D6D3-13E6-46B7-B9AA-EA3F88D91453}.Release|iPhone.Build.0 = Release|iPhone
		{5210D6D3-13E6-46B7-B9AA-EA3F88D91453}.Release|iPhoneSimulator.ActiveCfg = Release|iPhoneSimulator
		{5210D6D3-13E6-46B7-B9AA-EA3F88D91453}.Release|iPhoneSimulator.Build.0 = Release|iPhoneSimulator
		{8F9030EF-2AAB-474A-A717-1BB600FBC809}.Debug|Any CPU.ActiveCfg = Debug|Any CPU
		{8F9030EF-2AAB-474A-A717-1BB600FBC809}.Debug|Any CPU.Build.0 = Debug|Any CPU
		{8F9030EF-2AAB-474A-A717-1BB600FBC809}.Debug|Any CPU.Deploy.0 = Debug|Any CPU
		{8F9030EF-2AAB-474A-A717-1BB600FBC809}.Debug|iPhone.ActiveCfg = Debug|Any CPU
		{8F9030EF-2AAB-474A-A717-1BB600FBC809}.Debug|iPhone.Build.0 = Debug|Any CPU
		{8F9030EF-2AAB-474A-A717-1BB600FBC809}.Debug|iPhoneSimulator.ActiveCfg = Debug|Any CPU
		{8F9030EF-2AAB-474A-A717-1BB600FBC809}.Debug|iPhoneSimulator.Build.0 = Debug|Any CPU
		{8F9030EF-2AAB-474A-A717-1BB600FBC809}.Release|Any CPU.ActiveCfg = Release|Any CPU
		{8F9030EF-2AAB-474A-A717-1BB600FBC809}.Release|Any CPU.Build.0 = Release|Any CPU
		{8F9030EF-2AAB-474A-A717-1BB600FBC809}.Release|Any CPU.Deploy.0 = Release|Any CPU
		{8F9030EF-2AAB-474A-A717-1BB600FBC809}.Release|iPhone.ActiveCfg = Release|Any CPU
		{8F9030EF-2AAB-474A-A717-1BB600FBC809}.Release|iPhone.Build.0 = Release|Any CPU
		{8F9030EF-2AAB-474A-A717-1BB600FBC809}.Release|iPhoneSimulator.ActiveCfg = Release|Any CPU
		{8F9030EF-2AAB-474A-A717-1BB600FBC809}.Release|iPhoneSimulator.Build.0 = Release|Any CPU
	EndGlobalSection
	GlobalSection(SolutionProperties) = preSolution
		HideSolutionNode = FALSE
	EndGlobalSection
	GlobalSection(ExtensibilityGlobals) = postSolution
		SolutionGuid = {8204B6CD-8BE1-44A3-BF95-C314FF4F4BEF}
	EndGlobalSection
EndGlobal
